
Microsoft Visual Studio Solution File, Format Version 12.00
# Visual Studio Version 17
VisualStudioVersion = 17.8.34408.163
MinimumVisualStudioVersion = 10.0.40219.1
Project("{FAE04EC0-301F-11D3-BF4B-00C04F79EFBC}") = "Mission08_Team4-3", "Mission08_Team4-3\Mission08_Team4-3.csproj", "{2580A8C1-8C8A-41E0-8579-BD050D68F5BF}"
EndProject
Global
	GlobalSection(SolutionConfigurationPlatforms) = preSolution
		Debug|Any CPU = Debug|Any CPU
		Release|Any CPU = Release|Any CPU
	EndGlobalSection
	GlobalSection(ProjectConfigurationPlatforms) = postSolution
		{2580A8C1-8C8A-41E0-8579-BD050D68F5BF}.Debug|Any CPU.ActiveCfg = Debug|Any CPU
		{2580A8C1-8C8A-41E0-8579-BD050D68F5BF}.Debug|Any CPU.Build.0 = Debug|Any CPU
		{2580A8C1-8C8A-41E0-8579-BD050D68F5BF}.Release|Any CPU.ActiveCfg = Release|Any CPU
		{2580A8C1-8C8A-41E0-8579-BD050D68F5BF}.Release|Any CPU.Build.0 = Release|Any CPU
	EndGlobalSection
	GlobalSection(SolutionProperties) = preSolution
		HideSolutionNode = FALSE
	EndGlobalSection
	GlobalSection(ExtensibilityGlobals) = postSolution
		SolutionGuid = {BC60C6C9-EE84-4EB2-B83A-0473292F114A}
	EndGlobalSection
EndGlobal
